
Microsoft Visual Studio Solution File, Format Version 12.00
# Visual Studio Version 16
VisualStudioVersion = 16.0.31729.503
MinimumVisualStudioVersion = 10.0.40219.1
Project("{FAE04EC0-301F-11D3-BF4B-00C04F79EFBC}") = "ProjetoFilaAcessoEmpresa", "ProjetoFilaAcessoEmpresa\ProjetoFilaAcessoEmpresa.csproj", "{AF42D4D7-A33B-4009-A36D-7B7728FD4B29}"
EndProject
Global
	GlobalSection(SolutionConfigurationPlatforms) = preSolution
		Debug|Any CPU = Debug|Any CPU
		Release|Any CPU = Release|Any CPU
	EndGlobalSection
	GlobalSection(ProjectConfigurationPlatforms) = postSolution
		{AF42D4D7-A33B-4009-A36D-7B7728FD4B29}.Debug|Any CPU.ActiveCfg = Debug|Any CPU
		{AF42D4D7-A33B-4009-A36D-7B7728FD4B29}.Debug|Any CPU.Build.0 = Debug|Any CPU
		{AF42D4D7-A33B-4009-A36D-7B7728FD4B29}.Release|Any CPU.ActiveCfg = Release|Any CPU
		{AF42D4D7-A33B-4009-A36D-7B7728FD4B29}.Release|Any CPU.Build.0 = Release|Any CPU
	EndGlobalSection
	GlobalSection(SolutionProperties) = preSolution
		HideSolutionNode = FALSE
	EndGlobalSection
	GlobalSection(ExtensibilityGlobals) = postSolution
		SolutionGuid = {5BB44DC2-DA48-405C-A472-DF2C7AD33584}
	EndGlobalSection
EndGlobal
